{
	"name": "react-lezer-highlighter",
	"version": "0.1.0",
	"lockfileVersion": 3,
	"requires": true,
	"packages": {
		"": {
			"name": "react-lezer-highlighter",
			"version": "0.1.0",
			"license": "MIT",
			"dependencies": {
				"@lezer/lr": "^1.4.2",
				"hast-to-hyperscript": "^10.0.3",
				"hast-util-from-lezer": "^0.5.3"
			},
			"devDependencies": {
				"typescript": "^5.0.3"
			},
			"peerDependencies": {
				"@types/react": "^18.0.33",
				"react": "^18.2.0"
			}
		},
		"node_modules/@lezer/common": {
			"version": "1.2.1",
			"resolved": "https://registry.npmjs.org/@lezer/common/-/common-1.2.1.tgz",
			"integrity": "sha512-yemX0ZD2xS/73llMZIK6KplkjIjf2EvAHcinDi/TfJ9hS25G0388+ClHt6/3but0oOxinTcQHJLDXh6w1crzFQ=="
		},
		"node_modules/@lezer/highlight": {
			"version": "1.2.1",
			"resolved": "https://registry.npmjs.org/@lezer/highlight/-/highlight-1.2.1.tgz",
			"integrity": "sha512-Z5duk4RN/3zuVO7Jq0pGLJ3qynpxUVsh7IbUbGj88+uV2ApSAn6kWg2au3iJb+0Zi7kKtqffIESgNcRXWZWmSA==",
			"dependencies": {
				"@lezer/common": "^1.0.0"
			}
		},
		"node_modules/@lezer/lr": {
			"version": "1.4.2",
			"resolved": "https://registry.npmjs.org/@lezer/lr/-/lr-1.4.2.tgz",
			"integrity": "sha512-pu0K1jCIdnQ12aWNaAVU5bzi7Bd1w54J3ECgANPmYLtQKP0HBj2cE/5coBD66MT10xbtIuUr7tg0Shbsvk0mDA==",
			"dependencies": {
				"@lezer/common": "^1.0.0"
			}
		},
		"node_modules/@types/hast": {
			"version": "3.0.4",
			"resolved": "https://registry.npmjs.org/@types/hast/-/hast-3.0.4.tgz",
			"integrity": "sha512-WPs+bbQw5aCj+x6laNGWLH3wviHtoCv/P3+otBhbOhJgG8qtpdAMlTCxLtsTWA7LH1Oh/bFCHsBn0TPS5m30EQ==",
			"dependencies": {
				"@types/unist": "*"
			}
		},
		"node_modules/@types/prop-types": {
			"version": "15.7.5",
			"resolved": "https://registry.npmjs.org/@types/prop-types/-/prop-types-15.7.5.tgz",
			"integrity": "sha512-JCB8C6SnDoQf0cNycqd/35A7MjcnK+ZTqE7judS6o7utxUCg6imJg3QK2qzHKszlTjcj2cn+NwMB2i96ubpj7w==",
			"peer": true
		},
		"node_modules/@types/react": {
			"version": "18.0.33",
			"resolved": "https://registry.npmjs.org/@types/react/-/react-18.0.33.tgz",
			"integrity": "sha512-sHxzVxeanvQyQ1lr8NSHaj0kDzcNiGpILEVt69g9S31/7PfMvNCKLKcsHw4lYKjs3cGNJjXSP4mYzX43QlnjNA==",
			"peer": true,
			"dependencies": {
				"@types/prop-types": "*",
				"@types/scheduler": "*",
				"csstype": "^3.0.2"
			}
		},
		"node_modules/@types/scheduler": {
			"version": "0.16.3",
			"resolved": "https://registry.npmjs.org/@types/scheduler/-/scheduler-0.16.3.tgz",
			"integrity": "sha512-5cJ8CB4yAx7BH1oMvdU0Jh9lrEXyPkar6F9G/ERswkCuvP4KQZfZkSjcMbAICCpQTN4OuZn8tz0HiKv9TGZgrQ==",
			"peer": true
		},
		"node_modules/@types/unist": {
			"version": "2.0.6",
			"resolved": "https://registry.npmjs.org/@types/unist/-/unist-2.0.6.tgz",
			"integrity": "sha512-PBjIUxZHOuj0R15/xuwJYjFi+KZdNFrehocChv4g5hu6aFroHue8m0lBP0POdK2nKzbw0cgV1mws8+V/JAcEkQ=="
		},
		"node_modules/comma-separated-tokens": {
			"version": "2.0.3",
			"resolved": "https://registry.npmjs.org/comma-separated-tokens/-/comma-separated-tokens-2.0.3.tgz",
			"integrity": "sha512-Fu4hJdvzeylCfQPp9SGWidpzrMs7tTrlu6Vb8XGaRGck8QSNZJJp538Wrb60Lax4fPwR64ViY468OIUTbRlGZg==",
			"funding": {
				"type": "github",
				"url": "https://github.com/sponsors/wooorm"
			}
		},
		"node_modules/csstype": {
			"version": "3.1.2",
			"resolved": "https://registry.npmjs.org/csstype/-/csstype-3.1.2.tgz",
			"integrity": "sha512-I7K1Uu0MBPzaFKg4nI5Q7Vs2t+3gWWW648spaF+Rg7pI9ds18Ugn+lvg4SHczUdKlHI5LWBXyqfS8+DufyBsgQ==",
			"peer": true
		},
		"node_modules/hast-to-hyperscript": {
			"version": "10.0.3",
			"resolved": "https://registry.npmjs.org/hast-to-hyperscript/-/hast-to-hyperscript-10.0.3.tgz",
			"integrity": "sha512-NuBoUStp4fRwmvlfbidlEiRSTk0gSHm+97q4Xn9CJ10HO+Py7nlTuDi6RhM1qLOureukGrCXLG7AAxaGqqyslQ==",
			"dependencies": {
				"@types/unist": "^2.0.0",
				"comma-separated-tokens": "^2.0.0",
				"property-information": "^6.0.0",
				"space-separated-tokens": "^2.0.0",
				"style-to-object": "^0.4.1",
				"web-namespaces": "^2.0.0"
			},
			"funding": {
				"type": "opencollective",
				"url": "https://opencollective.com/unified"
			}
		},
		"node_modules/hast-util-from-lezer": {
			"version": "0.5.3",
			"resolved": "https://registry.npmjs.org/hast-util-from-lezer/-/hast-util-from-lezer-0.5.3.tgz",
			"integrity": "sha512-zjssMUQB2HdDOQp2iOlXIebWgHPD5FwmNajCvz1D6dT1rri5ysiwhgk2pN8HOp4LljgT0vecyGQnCDNmbFDyWw==",
			"dependencies": {
				"@lezer/common": "^1.2.1",
				"@lezer/highlight": "^1.2.1",
				"@types/hast": "^3.0.4"
			}
		},
		"node_modules/inline-style-parser": {
			"version": "0.1.1",
			"resolved": "https://registry.npmjs.org/inline-style-parser/-/inline-style-parser-0.1.1.tgz",
			"integrity": "sha512-7NXolsK4CAS5+xvdj5OMMbI962hU/wvwoxk+LWR9Ek9bVtyuuYScDN6eS0rUm6TxApFpw7CX1o4uJzcd4AyD3Q=="
		},
		"node_modules/js-tokens": {
			"version": "4.0.0",
			"resolved": "https://registry.npmjs.org/js-tokens/-/js-tokens-4.0.0.tgz",
			"integrity": "sha512-RdJUflcE3cUzKiMqQgsCu06FPu9UdIJO0beYbPhHN4k6apgJtifcoCtT9bcxOpYBtpD2kCM6Sbzg4CausW/PKQ==",
			"peer": true
		},
		"node_modules/loose-envify": {
			"version": "1.4.0",
			"resolved": "https://registry.npmjs.org/loose-envify/-/loose-envify-1.4.0.tgz",
			"integrity": "sha512-lyuxPGr/Wfhrlem2CL/UcnUc1zcqKAImBDzukY7Y5F/yQiNdko6+fRLevlw1HgMySw7f611UIY408EtxRSoK3Q==",
			"peer": true,
			"dependencies": {
				"js-tokens": "^3.0.0 || ^4.0.0"
			},
			"bin": {
				"loose-envify": "cli.js"
			}
		},
		"node_modules/property-information": {
			"version": "6.2.0",
			"resolved": "https://registry.npmjs.org/property-information/-/property-information-6.2.0.tgz",
			"integrity": "sha512-kma4U7AFCTwpqq5twzC1YVIDXSqg6qQK6JN0smOw8fgRy1OkMi0CYSzFmsy6dnqSenamAtj0CyXMUJ1Mf6oROg==",
			"funding": {
				"type": "github",
				"url": "https://github.com/sponsors/wooorm"
			}
		},
		"node_modules/react": {
			"version": "18.2.0",
			"resolved": "https://registry.npmjs.org/react/-/react-18.2.0.tgz",
			"integrity": "sha512-/3IjMdb2L9QbBdWiW5e3P2/npwMBaU9mHCSCUzNln0ZCYbcfTsGbTJrU/kGemdH2IWmB2ioZ+zkxtmq6g09fGQ==",
			"peer": true,
			"dependencies": {
				"loose-envify": "^1.1.0"
			},
			"engines": {
				"node": ">=0.10.0"
			}
		},
		"node_modules/space-separated-tokens": {
			"version": "2.0.2",
			"resolved": "https://registry.npmjs.org/space-separated-tokens/-/space-separated-tokens-2.0.2.tgz",
			"integrity": "sha512-PEGlAwrG8yXGXRjW32fGbg66JAlOAwbObuqVoJpv/mRgoWDQfgH1wDPvtzWyUSNAXBGSk8h755YDbbcEy3SH2Q==",
			"funding": {
				"type": "github",
				"url": "https://github.com/sponsors/wooorm"
			}
		},
		"node_modules/style-to-object": {
			"version": "0.4.1",
			"resolved": "https://registry.npmjs.org/style-to-object/-/style-to-object-0.4.1.tgz",
			"integrity": "sha512-HFpbb5gr2ypci7Qw+IOhnP2zOU7e77b+rzM+wTzXzfi1PrtBCX0E7Pk4wL4iTLnhzZ+JgEGAhX81ebTg/aYjQw==",
			"dependencies": {
				"inline-style-parser": "0.1.1"
			}
		},
		"node_modules/typescript": {
			"version": "5.0.3",
			"resolved": "https://registry.npmjs.org/typescript/-/typescript-5.0.3.tgz",
			"integrity": "sha512-xv8mOEDnigb/tN9PSMTwSEqAnUvkoXMQlicOb0IUVDBSQCgBSaAAROUZYy2IcUy5qU6XajK5jjjO7TMWqBTKZA==",
			"dev": true,
			"bin": {
				"tsc": "bin/tsc",
				"tsserver": "bin/tsserver"
			},
			"engines": {
				"node": ">=12.20"
			}
		},
		"node_modules/web-namespaces": {
			"version": "2.0.1",
			"resolved": "https://registry.npmjs.org/web-namespaces/-/web-namespaces-2.0.1.tgz",
			"integrity": "sha512-bKr1DkiNa2krS7qxNtdrtHAmzuYGFQLiQ13TsorsdT6ULTkPLKuu5+GsFpDlg6JFjUTwX2DyhMPG2be8uPrqsQ==",
			"funding": {
				"type": "github",
				"url": "https://github.com/sponsors/wooorm"
			}
		}
	}
}
